PODS:
  - FMDB (2.5):
    - FMDB/standard (= 2.5)
  - FMDB/common (2.5)
  - FMDB/standard (2.5):
    - FMDB/common
  - MBProgressHUD (0.9.1)
  - MZAppearance (1.1.5)
  - MZFormSheetController (3.0.3):
    - MZAppearance
    - MZFormSheetController/Core (= 3.0.3)
  - MZFormSheetController/Core (3.0.3):
    - MZAppearance
  - Reachability (3.2)

DEPENDENCIES:
  - FMDB (~> 2.5)
  - MBProgressHUD (~> 0.9.1)
  - MZFormSheetController (~> 3.0.3)
  - Reachability (~> 3.2)

SPEC CHECKSUMS:
  FMDB: 96e8f1bcc1329e269330f99770ad4285d9003e52
  MBProgressHUD: c47f2c166c126cf2ce36498d80f33e754d4e93ad
  MZAppearance: 6e9dc64e42074c0a19812a327f590746c3283bab
  MZFormSheetController: 36771856696eeef2eaec9b18c75791d3c95cb661
  Reachability: 33e18b67625424e47b6cde6d202dce689ad7af96

COCOAPODS: 0.37.1
